<?xml version="1.0" encoding="utf-8"?>
<Project ToolsVersion="4.0" xmlns="http://schemas.microsoft.com/developer/msbuild/2003">
  <ItemGroup>
    <Filter Include="Header Files">
      <UniqueIdentifier>{93995380-89BD-4b04-88EB-625FBE52EBFB}</UniqueIdentifier>
      <Extensions>h;hpp;hxx;hm;inl;inc;xsd</Extensions>
    </Filter>
    <Filter Include="Header Files\Network">
      <UniqueIdentifier>{00909a26-4aad-4388-a7df-8bfe23f4d2f5}</UniqueIdentifier>
    </Filter>
    <Filter Include="Header Files\Protocol">
      <UniqueIdentifier>{7782170f-7c36-4d69-a50d-343303ce53bd}</UniqueIdentifier>
    </Filter>
    <Filter Include="Header Files\Interface">
      <UniqueIdentifier>{0d59fed6-c37b-409e-b944-ac0c6b3d94f2}</UniqueIdentifier>
    </Filter>
    <Filter Include="Header Files\Logic">
      <UniqueIdentifier>{bf3c5062-b33b-43f4-86e9-31ff79162a30}</UniqueIdentifier>
    </Filter>
    <Filter Include="Header Files\Client">
      <UniqueIdentifier>{00896cbd-33c3-4db6-9240-9062764cd5bd}</UniqueIdentifier>
    </Filter>
    <Filter Include="Header Files\Rcon">
      <UniqueIdentifier>{281fa5ce-6050-4424-a5c7-ca1f7c299f67}</UniqueIdentifier>
    </Filter>
    <Filter Include="Resource Files">
      <UniqueIdentifier>{67DA6AB6-F800-4c08-8B7A-83BB121AAD01}</UniqueIdentifier>
      <Extensions>rc;ico;cur;bmp;dlg;rc2;rct;bin;rgs;gif;jpg;jpeg;jpe;resx;tiff;tif;png;wav</Extensions>
    </Filter>
    <Filter Include="Source Files">
      <UniqueIdentifier>{4FC737F1-C7A5-4376-A066-2A32D752A2FF}</UniqueIdentifier>
      <Extensions>cpp;c;cc;cxx;def;odl;idl;hpj;bat;asm;asmx</Extensions>
    </Filter>
    <Filter Include="Source Files\Interface">
      <UniqueIdentifier>{c2ea9827-3641-4915-b465-bf8d6858fb0e}</UniqueIdentifier>
    </Filter>
    <Filter Include="Source Files\Network">
      <UniqueIdentifier>{f7eb1c06-c941-4a11-b467-1e14f6c04120}</UniqueIdentifier>
    </Filter>
    <Filter Include="Source Files\Logic">
      <UniqueIdentifier>{924fc22e-5c51-4b97-ac86-b7413711df71}</UniqueIdentifier>
    </Filter>
    <Filter Include="Source Files\Protocol">
      <UniqueIdentifier>{8093dcbc-dff2-4d02-8a54-79eb2e4765ba}</UniqueIdentifier>
    </Filter>
    <Filter Include="Source Files\Client">
      <UniqueIdentifier>{b4c39869-2e7b-41e8-96f3-c4fae19c6726}</UniqueIdentifier>
    </Filter>
    <Filter Include="Source Files\Rcon">
      <UniqueIdentifier>{fb0336d8-b267-4c0d-b42f-ece59bb50624}</UniqueIdentifier>
    </Filter>
  </ItemGroup>
  <ItemGroup>
    <ClInclude Include="irc_common.h">
      <Filter>Header Files</Filter>
    </ClInclude>
    <ClInclude Include="irc_net.h">
      <Filter>Header Files\Network</Filter>
    </ClInclude>
    <ClInclude Include="irc_listeners.h">
      <Filter>Header Files\Protocol</Filter>
    </ClInclude>
    <ClInclude Include="irc_protocol.h">
      <Filter>Header Files\Protocol</Filter>
    </ClInclude>
    <ClInclude Include="irc_interface.h">
      <Filter>Header Files\Interface</Filter>
    </ClInclude>
    <ClInclude Include="irc_logic.h">
      <Filter>Header Files\Logic</Filter>
    </ClInclude>
    <ClInclude Include="irc_client.h">
      <Filter>Header Files\Client</Filter>
    </ClInclude>
    <ClInclude Include="irc_rcon.h">
      <Filter>Header Files\Rcon</Filter>
    </ClInclude>
  </ItemGroup>
  <ItemGroup>
    <ClCompile Include="irc_common.c">
      <Filter>Source Files</Filter>
    </ClCompile>
    <ClCompile Include="..\gameshared\q_shared.c">
      <Filter>Source Files</Filter>
    </ClCompile>
    <ClCompile Include="irc_interface.c">
      <Filter>Source Files\Interface</Filter>
    </ClCompile>
    <ClCompile Include="irc_net.c">
      <Filter>Source Files\Network</Filter>
    </ClCompile>
    <ClCompile Include="irc_logic.c">
      <Filter>Source Files\Logic</Filter>
    </ClCompile>
    <ClCompile Include="irc_listeners.c">
      <Filter>Source Files\Protocol</Filter>
    </ClCompile>
    <ClCompile Include="irc_protocol.c">
      <Filter>Source Files\Protocol</Filter>
    </ClCompile>
    <ClCompile Include="irc_client.c">
      <Filter>Source Files\Client</Filter>
    </ClCompile>
    <ClCompile Include="irc_gui.c">
      <Filter>Source Files\Client</Filter>
    </ClCompile>
    <ClCompile Include="irc_rcon.c">
      <Filter>Source Files\Rcon</Filter>
    </ClCompile>
  </ItemGroup>
</Project>