<?xml version="1.0" encoding="utf-8"?>
<Project ToolsVersion="4.0" xmlns="http://schemas.microsoft.com/developer/msbuild/2003">
  <ItemGroup>
    <Filter Include="Source Files">
      <UniqueIdentifier>{29b56064-ea34-4308-8ab2-7bd29ac25f4a}</UniqueIdentifier>
      <Extensions>cpp;c;cxx;rc;def;r;odl;idl;hpj;bat</Extensions>
    </Filter>
    <Filter Include="Header Files">
      <UniqueIdentifier>{05e4cd55-ab36-4a5e-8ca6-7d57e44291f5}</UniqueIdentifier>
      <Extensions>h;hpp;hxx;hm;inl</Extensions>
    </Filter>
    <Filter Include="Resource Files">
      <UniqueIdentifier>{e1002289-d2c8-4c96-985e-64ffc46f2f3b}</UniqueIdentifier>
      <Extensions>ico;cur;bmp;dlg;rc2;rct;bin;rgs;gif;jpg;jpeg;jpe</Extensions>
    </Filter>
    <Filter Include="Source Files\gameshared">
      <UniqueIdentifier>{8b81d6bb-cde6-4be8-947e-c81cbbbd4b81}</UniqueIdentifier>
    </Filter>
  </ItemGroup>
  <ItemGroup>
    <ClCompile Include="cg_boneposes.cpp">
      <Filter>Source Files</Filter>
    </ClCompile>
    <ClCompile Include="cg_chat.cpp">
      <Filter>Source Files</Filter>
    </ClCompile>
    <ClCompile Include="cg_cmds.cpp">
      <Filter>Source Files</Filter>
    </ClCompile>
    <ClCompile Include="cg_damage_indicator.cpp">
      <Filter>Source Files</Filter>
    </ClCompile>
    <ClCompile Include="cg_decals.cpp">
      <Filter>Source Files</Filter>
    </ClCompile>
    <ClCompile Include="cg_democams.cpp">
      <Filter>Source Files</Filter>
    </ClCompile>
    <ClCompile Include="cg_draw.cpp">
      <Filter>Source Files</Filter>
    </ClCompile>
    <ClCompile Include="cg_effects.cpp">
      <Filter>Source Files</Filter>
    </ClCompile>
    <ClCompile Include="cg_ents.cpp">
      <Filter>Source Files</Filter>
    </ClCompile>
    <ClCompile Include="cg_events.cpp">
      <Filter>Source Files</Filter>
    </ClCompile>
    <ClCompile Include="cg_hud.cpp">
      <Filter>Source Files</Filter>
    </ClCompile>
    <ClCompile Include="cg_lents.cpp">
      <Filter>Source Files</Filter>
    </ClCompile>
    <ClCompile Include="cg_main.cpp">
      <Filter>Source Files</Filter>
    </ClCompile>
    <ClCompile Include="cg_media.cpp">
      <Filter>Source Files</Filter>
    </ClCompile>
    <ClCompile Include="cg_players.cpp">
      <Filter>Source Files</Filter>
    </ClCompile>
    <ClCompile Include="cg_pmodels.cpp">
      <Filter>Source Files</Filter>
    </ClCompile>
    <ClCompile Include="cg_polys.cpp">
      <Filter>Source Files</Filter>
    </ClCompile>
    <ClCompile Include="cg_predict.cpp">
      <Filter>Source Files</Filter>
    </ClCompile>
    <ClCompile Include="cg_scoreboard.cpp">
      <Filter>Source Files</Filter>
    </ClCompile>
    <ClCompile Include="cg_screen.cpp">
      <Filter>Source Files</Filter>
    </ClCompile>
    <ClCompile Include="cg_syscalls.cpp">
      <Filter>Source Files</Filter>
    </ClCompile>
    <ClCompile Include="cg_teams.cpp">
      <Filter>Source Files</Filter>
    </ClCompile>
    <ClCompile Include="cg_test.cpp">
      <Filter>Source Files</Filter>
    </ClCompile>
    <ClCompile Include="cg_view.cpp">
      <Filter>Source Files</Filter>
    </ClCompile>
    <ClCompile Include="cg_vweap.cpp">
      <Filter>Source Files</Filter>
    </ClCompile>
    <ClCompile Include="cg_wmodels.cpp">
      <Filter>Source Files</Filter>
    </ClCompile>
    <ClCompile Include="..\gameshared\q_shared.c">
      <Filter>Source Files\gameshared</Filter>
    </ClCompile>
    <ClCompile Include="..\gameshared\q_math.c">
      <Filter>Source Files\gameshared</Filter>
    </ClCompile>
    <ClCompile Include="..\gameshared\gs_weapons.c">
      <Filter>Source Files\gameshared</Filter>
    </ClCompile>
    <ClCompile Include="..\gameshared\gs_weapondefs.c">
      <Filter>Source Files\gameshared</Filter>
    </ClCompile>
    <ClCompile Include="..\gameshared\gs_slidebox.c">
      <Filter>Source Files\gameshared</Filter>
    </ClCompile>
    <ClCompile Include="..\gameshared\gs_pmove.c">
      <Filter>Source Files\gameshared</Filter>
    </ClCompile>
    <ClCompile Include="..\gameshared\gs_players.c">
      <Filter>Source Files\gameshared</Filter>
    </ClCompile>
    <ClCompile Include="..\gameshared\gs_misc.c">
      <Filter>Source Files\gameshared</Filter>
    </ClCompile>
    <ClCompile Include="..\gameshared\gs_items.c">
      <Filter>Source Files\gameshared</Filter>
    </ClCompile>
    <ClCompile Include="..\gameshared\gs_gameteams.c">
      <Filter>Source Files\gameshared</Filter>
    </ClCompile>
  </ItemGroup>
  <ItemGroup>
    <ClInclude Include="..\gameshared\anorms.h">
      <Filter>Header Files</Filter>
    </ClInclude>
    <ClInclude Include="cg_boneposes.h">
      <Filter>Header Files</Filter>
    </ClInclude>
    <ClInclude Include="cg_democams.h">
      <Filter>Header Files</Filter>
    </ClInclude>
    <ClInclude Include="cg_local.h">
      <Filter>Header Files</Filter>
    </ClInclude>
    <ClInclude Include="cg_pmodels.h">
      <Filter>Header Files</Filter>
    </ClInclude>
    <ClInclude Include="cg_public.h">
      <Filter>Header Files</Filter>
    </ClInclude>
    <ClInclude Include="cg_syscalls.h">
      <Filter>Header Files</Filter>
    </ClInclude>
    <ClInclude Include="..\gameshared\config.h">
      <Filter>Header Files</Filter>
    </ClInclude>
    <ClInclude Include="..\gameshared\gs_public.h">
      <Filter>Header Files</Filter>
    </ClInclude>
    <ClInclude Include="..\gameshared\gs_qrespath.h">
      <Filter>Header Files</Filter>
    </ClInclude>
    <ClInclude Include="..\gameshared\q_arch.h">
      <Filter>Header Files</Filter>
    </ClInclude>
    <ClInclude Include="..\gameshared\q_collision.h">
      <Filter>Header Files</Filter>
    </ClInclude>
    <ClInclude Include="..\gameshared\q_comref.h">
      <Filter>Header Files</Filter>
    </ClInclude>
    <ClInclude Include="..\gameshared\q_cvar.h">
      <Filter>Header Files</Filter>
    </ClInclude>
    <ClInclude Include="..\gameshared\q_dynvar.h">
      <Filter>Header Files</Filter>
    </ClInclude>
    <ClInclude Include="..\gameshared\q_math.h">
      <Filter>Header Files</Filter>
    </ClInclude>
    <ClInclude Include="..\gameshared\q_shared.h">
      <Filter>Header Files</Filter>
    </ClInclude>
    <ClInclude Include="ref.h">
      <Filter>Header Files</Filter>
    </ClInclude>
  </ItemGroup>
</Project>