<?xml version="1.0" encoding="utf-8"?>
<Project ToolsVersion="4.0" xmlns="http://schemas.microsoft.com/developer/msbuild/2003">
  <ItemGroup>
    <Filter Include="Source Files">
      <UniqueIdentifier>{6bf700c7-0b93-4bf3-aa18-4fdb4318f669}</UniqueIdentifier>
      <Extensions>cpp;c;cxx;rc;def;r;odl;idl;hpj;bat</Extensions>
    </Filter>
    <Filter Include="Source Files\tv_module">
      <UniqueIdentifier>{ec75d085-564c-4d8b-8eb5-c25ef48d4a92}</UniqueIdentifier>
    </Filter>
    <Filter Include="Header Files">
      <UniqueIdentifier>{bdec8081-443b-46bd-84c2-406515563a0c}</UniqueIdentifier>
      <Extensions>h;hpp;hxx;hm;inl</Extensions>
    </Filter>
    <Filter Include="Header Files\tv_module">
      <UniqueIdentifier>{d764f9d3-939d-4b61-b877-c04e45ae7734}</UniqueIdentifier>
    </Filter>
    <Filter Include="Resource Files">
      <UniqueIdentifier>{baf24381-a9a7-4aa8-a879-7a1f3358b602}</UniqueIdentifier>
      <Extensions>ico;cur;bmp;dlg;rc2;rct;bin;rgs;gif;jpg;jpeg;jpe</Extensions>
    </Filter>
  </ItemGroup>
  <ItemGroup>
    <ClCompile Include="..\null\ascript_null.c">
      <Filter>Source Files</Filter>
    </ClCompile>
    <ClCompile Include="..\null\cl_null.c">
      <Filter>Source Files</Filter>
    </ClCompile>
    <ClCompile Include="..\qcommon\cm_main.c">
      <Filter>Source Files</Filter>
    </ClCompile>
    <ClCompile Include="..\qcommon\cm_q3bsp.c">
      <Filter>Source Files</Filter>
    </ClCompile>
    <ClCompile Include="..\qcommon\cm_trace.c">
      <Filter>Source Files</Filter>
    </ClCompile>
    <ClCompile Include="..\qcommon\cmd.c">
      <Filter>Source Files</Filter>
    </ClCompile>
    <ClCompile Include="..\qcommon\common.c">
      <Filter>Source Files</Filter>
    </ClCompile>
    <ClCompile Include="..\win32\conproc.c">
      <Filter>Source Files</Filter>
    </ClCompile>
    <ClCompile Include="..\qcommon\cvar.c">
      <Filter>Source Files</Filter>
    </ClCompile>
    <ClCompile Include="..\qcommon\dynvar.c">
      <Filter>Source Files</Filter>
    </ClCompile>
    <ClCompile Include="..\qcommon\files.c">
      <Filter>Source Files</Filter>
    </ClCompile>
    <ClCompile Include="..\qalgo\glob.c">
      <Filter>Source Files</Filter>
    </ClCompile>
    <ClCompile Include="..\null\irc_null.c">
      <Filter>Source Files</Filter>
    </ClCompile>
    <ClCompile Include="..\qcommon\library.c">
      <Filter>Source Files</Filter>
    </ClCompile>
    <ClCompile Include="..\qalgo\md5.c">
      <Filter>Source Files</Filter>
    </ClCompile>
    <ClCompile Include="..\qcommon\mem.c">
      <Filter>Source Files</Filter>
    </ClCompile>
    <ClCompile Include="..\null\mm_null.c">
      <Filter>Source Files</Filter>
    </ClCompile>
    <ClCompile Include="..\qcommon\msg.c">
      <Filter>Source Files</Filter>
    </ClCompile>
    <ClCompile Include="..\qcommon\net.c">
      <Filter>Source Files</Filter>
    </ClCompile>
    <ClCompile Include="..\qcommon\net_chan.c">
      <Filter>Source Files</Filter>
    </ClCompile>
    <ClCompile Include="..\qcommon\patch.c">
      <Filter>Source Files</Filter>
    </ClCompile>
    <ClCompile Include="..\gameshared\q_math.c">
      <Filter>Source Files</Filter>
    </ClCompile>
    <ClCompile Include="..\gameshared\q_shared.c">
      <Filter>Source Files</Filter>
    </ClCompile>
    <ClCompile Include="..\qcommon\snap_demos.c">
      <Filter>Source Files</Filter>
    </ClCompile>
    <ClCompile Include="..\qcommon\snap_read.c">
      <Filter>Source Files</Filter>
    </ClCompile>
    <ClCompile Include="..\qcommon\snap_write.c">
      <Filter>Source Files</Filter>
    </ClCompile>
    <ClCompile Include="..\qcommon\svnrev.c">
      <Filter>Source Files</Filter>
    </ClCompile>
    <ClCompile Include="tv_cmds.c">
      <Filter>Source Files</Filter>
    </ClCompile>
    <ClCompile Include="tv_downstream.c">
      <Filter>Source Files</Filter>
    </ClCompile>
    <ClCompile Include="tv_downstream_clcmd.c">
      <Filter>Source Files</Filter>
    </ClCompile>
    <ClCompile Include="tv_downstream_oob.c">
      <Filter>Source Files</Filter>
    </ClCompile>
    <ClCompile Include="tv_downstream_parse.c">
      <Filter>Source Files</Filter>
    </ClCompile>
    <ClCompile Include="tv_lobby.c">
      <Filter>Source Files</Filter>
    </ClCompile>
    <ClCompile Include="tv_main.c">
      <Filter>Source Files</Filter>
    </ClCompile>
    <ClCompile Include="tv_relay.c">
      <Filter>Source Files</Filter>
    </ClCompile>
    <ClCompile Include="tv_relay_client.c">
      <Filter>Source Files</Filter>
    </ClCompile>
    <ClCompile Include="tv_relay_module.c">
      <Filter>Source Files</Filter>
    </ClCompile>
    <ClCompile Include="tv_relay_parse.c">
      <Filter>Source Files</Filter>
    </ClCompile>
    <ClCompile Include="tv_relay_svcmd.c">
      <Filter>Source Files</Filter>
    </ClCompile>
    <ClCompile Include="tv_upstream.c">
      <Filter>Source Files</Filter>
    </ClCompile>
    <ClCompile Include="tv_upstream_demos.c">
      <Filter>Source Files</Filter>
    </ClCompile>
    <ClCompile Include="tv_upstream_oob.c">
      <Filter>Source Files</Filter>
    </ClCompile>
    <ClCompile Include="tv_upstream_parse.c">
      <Filter>Source Files</Filter>
    </ClCompile>
    <ClCompile Include="tv_upstream_svcmd.c">
      <Filter>Source Files</Filter>
    </ClCompile>
    <ClCompile Include="..\win32\win_fs.c">
      <Filter>Source Files</Filter>
    </ClCompile>
    <ClCompile Include="..\win32\win_lib.c">
      <Filter>Source Files</Filter>
    </ClCompile>
    <ClCompile Include="..\win32\win_net.c">
      <Filter>Source Files</Filter>
    </ClCompile>
    <ClCompile Include="..\win32\win_sys.c">
      <Filter>Source Files</Filter>
    </ClCompile>
    <ClCompile Include="..\qcommon\wswcurl.c">
      <Filter>Source Files</Filter>
    </ClCompile>
    <ClCompile Include="tv_module\tvm_chase.c">
      <Filter>Source Files\tv_module</Filter>
    </ClCompile>
    <ClCompile Include="tv_module\tvm_client.c">
      <Filter>Source Files\tv_module</Filter>
    </ClCompile>
    <ClCompile Include="tv_module\tvm_clip.c">
      <Filter>Source Files\tv_module</Filter>
    </ClCompile>
    <ClCompile Include="tv_module\tvm_cmds.c">
      <Filter>Source Files\tv_module</Filter>
    </ClCompile>
    <ClCompile Include="tv_module\tvm_frame.c">
      <Filter>Source Files\tv_module</Filter>
    </ClCompile>
    <ClCompile Include="tv_module\tvm_main.c">
      <Filter>Source Files\tv_module</Filter>
    </ClCompile>
    <ClCompile Include="tv_module\tvm_misc.c">
      <Filter>Source Files\tv_module</Filter>
    </ClCompile>
    <ClCompile Include="tv_module\tvm_pmove.c">
      <Filter>Source Files\tv_module</Filter>
    </ClCompile>
    <ClCompile Include="tv_module\tvm_relay_cmds.c">
      <Filter>Source Files\tv_module</Filter>
    </ClCompile>
    <ClCompile Include="tv_module\tvm_relay_snap.c">
      <Filter>Source Files\tv_module</Filter>
    </ClCompile>
    <ClCompile Include="tv_module\tvm_snap.c">
      <Filter>Source Files\tv_module</Filter>
    </ClCompile>
    <ClCompile Include="tv_module\tvm_spawn.c">
      <Filter>Source Files\tv_module</Filter>
    </ClCompile>
    <ClCompile Include="tv_module\tvm_spawnpoints.c">
      <Filter>Source Files\tv_module</Filter>
    </ClCompile>
    <ClCompile Include="tv_module\tvm_syscalls.c">
      <Filter>Source Files\tv_module</Filter>
    </ClCompile>
    <ClCompile Include="..\qcommon\bsp.c">
      <Filter>Source Files</Filter>
    </ClCompile>
    <ClCompile Include="..\win32\win_threads.c">
      <Filter>Source Files</Filter>
    </ClCompile>
    <ClCompile Include="..\qcommon\threads.c">
      <Filter>Source Files</Filter>
    </ClCompile>
    <ClCompile Include="..\qalgo\q_trie.c">
      <Filter>Source Files</Filter>
    </ClCompile>
    <ClCompile Include="..\qcommon\steam.c">
      <Filter>Source Files</Filter>
    </ClCompile>
  </ItemGroup>
  <ItemGroup>
    <ClInclude Include="..\gameshared\config.h">
      <Filter>Header Files</Filter>
    </ClInclude>
    <ClInclude Include="..\qalgo\glob.h">
      <Filter>Header Files</Filter>
    </ClInclude>
    <ClInclude Include="..\gameshared\q_arch.h">
      <Filter>Header Files</Filter>
    </ClInclude>
    <ClInclude Include="..\gameshared\q_collision.h">
      <Filter>Header Files</Filter>
    </ClInclude>
    <ClInclude Include="..\gameshared\q_comref.h">
      <Filter>Header Files</Filter>
    </ClInclude>
    <ClInclude Include="..\gameshared\q_cvar.h">
      <Filter>Header Files</Filter>
    </ClInclude>
    <ClInclude Include="..\gameshared\q_dynvar.h">
      <Filter>Header Files</Filter>
    </ClInclude>
    <ClInclude Include="..\gameshared\q_math.h">
      <Filter>Header Files</Filter>
    </ClInclude>
    <ClInclude Include="..\gameshared\q_shared.h">
      <Filter>Header Files</Filter>
    </ClInclude>
    <ClInclude Include="..\qcommon\qcommon.h">
      <Filter>Header Files</Filter>
    </ClInclude>
    <ClInclude Include="..\qcommon\snap_read.h">
      <Filter>Header Files</Filter>
    </ClInclude>
    <ClInclude Include="..\qcommon\snap_write.h">
      <Filter>Header Files</Filter>
    </ClInclude>
    <ClInclude Include="..\qcommon\svnrev.h">
      <Filter>Header Files</Filter>
    </ClInclude>
    <ClInclude Include="..\qcommon\sys_fs.h">
      <Filter>Header Files</Filter>
    </ClInclude>
    <ClInclude Include="..\qcommon\sys_library.h">
      <Filter>Header Files</Filter>
    </ClInclude>
    <ClInclude Include="..\qcommon\sys_net.h">
      <Filter>Header Files</Filter>
    </ClInclude>
    <ClInclude Include="tv_cmds.h">
      <Filter>Header Files</Filter>
    </ClInclude>
    <ClInclude Include="tv_downstream.h">
      <Filter>Header Files</Filter>
    </ClInclude>
    <ClInclude Include="tv_downstream_clcmd.h">
      <Filter>Header Files</Filter>
    </ClInclude>
    <ClInclude Include="tv_downstream_oob.h">
      <Filter>Header Files</Filter>
    </ClInclude>
    <ClInclude Include="tv_downstream_parse.h">
      <Filter>Header Files</Filter>
    </ClInclude>
    <ClInclude Include="tv_lobby.h">
      <Filter>Header Files</Filter>
    </ClInclude>
    <ClInclude Include="tv_local.h">
      <Filter>Header Files</Filter>
    </ClInclude>
    <ClInclude Include="tv_main.h">
      <Filter>Header Files</Filter>
    </ClInclude>
    <ClInclude Include="tv_relay.h">
      <Filter>Header Files</Filter>
    </ClInclude>
    <ClInclude Include="tv_relay_client.h">
      <Filter>Header Files</Filter>
    </ClInclude>
    <ClInclude Include="tv_relay_module.h">
      <Filter>Header Files</Filter>
    </ClInclude>
    <ClInclude Include="tv_relay_parse.h">
      <Filter>Header Files</Filter>
    </ClInclude>
    <ClInclude Include="tv_relay_svcmd.h">
      <Filter>Header Files</Filter>
    </ClInclude>
    <ClInclude Include="tv_upstream.h">
      <Filter>Header Files</Filter>
    </ClInclude>
    <ClInclude Include="tv_upstream_oob.h">
      <Filter>Header Files</Filter>
    </ClInclude>
    <ClInclude Include="tv_upstream_parse.h">
      <Filter>Header Files</Filter>
    </ClInclude>
    <ClInclude Include="tv_upstream_svcmd.h">
      <Filter>Header Files</Filter>
    </ClInclude>
    <ClInclude Include="..\qcommon\version.h">
      <Filter>Header Files</Filter>
    </ClInclude>
    <ClInclude Include="tv_module\tvm_chase.h">
      <Filter>Header Files\tv_module</Filter>
    </ClInclude>
    <ClInclude Include="tv_module\tvm_client.h">
      <Filter>Header Files\tv_module</Filter>
    </ClInclude>
    <ClInclude Include="tv_module\tvm_clip.h">
      <Filter>Header Files\tv_module</Filter>
    </ClInclude>
    <ClInclude Include="tv_module\tvm_cmds.h">
      <Filter>Header Files\tv_module</Filter>
    </ClInclude>
    <ClInclude Include="tv_module\tvm_frame.h">
      <Filter>Header Files\tv_module</Filter>
    </ClInclude>
    <ClInclude Include="tv_module\tvm_local.h">
      <Filter>Header Files\tv_module</Filter>
    </ClInclude>
    <ClInclude Include="tv_module\tvm_main.h">
      <Filter>Header Files\tv_module</Filter>
    </ClInclude>
    <ClInclude Include="tv_module\tvm_misc.h">
      <Filter>Header Files\tv_module</Filter>
    </ClInclude>
    <ClInclude Include="tv_module\tvm_pmove.h">
      <Filter>Header Files\tv_module</Filter>
    </ClInclude>
    <ClInclude Include="tv_module\tvm_public.h">
      <Filter>Header Files\tv_module</Filter>
    </ClInclude>
    <ClInclude Include="tv_module\tvm_relay_cmds.h">
      <Filter>Header Files\tv_module</Filter>
    </ClInclude>
    <ClInclude Include="tv_module\tvm_relay_snap.h">
      <Filter>Header Files\tv_module</Filter>
    </ClInclude>
    <ClInclude Include="tv_module\tvm_snap.h">
      <Filter>Header Files\tv_module</Filter>
    </ClInclude>
    <ClInclude Include="tv_module\tvm_spawn.h">
      <Filter>Header Files\tv_module</Filter>
    </ClInclude>
    <ClInclude Include="tv_module\tvm_spawnpoints.h">
      <Filter>Header Files\tv_module</Filter>
    </ClInclude>
    <ClInclude Include="tv_module\tvm_syscalls.h">
      <Filter>Header Files\tv_module</Filter>
    </ClInclude>
    <ClInclude Include="..\qcommon\bsp.h">
      <Filter>Header Files</Filter>
    </ClInclude>
    <ClInclude Include="..\qcommon\qthreads.h">
      <Filter>Header Files</Filter>
    </ClInclude>
    <ClInclude Include="..\qcommon\sys_threads.h">
      <Filter>Header Files</Filter>
    </ClInclude>
    <ClInclude Include="..\gameshared\q_trie.h">
      <Filter>Header Files</Filter>
    </ClInclude>
    <ClInclude Include="..\qalgo\md5.h">
      <Filter>Header Files</Filter>
    </ClInclude>
    <ClInclude Include="..\qcommon\steam.h">
      <Filter>Header Files</Filter>
    </ClInclude>
  </ItemGroup>
</Project>