<?xml version="1.0" encoding="utf-8"?>
<Project ToolsVersion="4.0" xmlns="http://schemas.microsoft.com/developer/msbuild/2003">
  <ItemGroup>
    <Filter Include="Source Files">
      <UniqueIdentifier>{0f5d4213-04eb-430b-8632-78d5f5d7c7fe}</UniqueIdentifier>
      <Extensions>cpp;c;cxx;rc;def;r;odl;idl;hpj;bat</Extensions>
    </Filter>
    <Filter Include="Header Files">
      <UniqueIdentifier>{a293a300-3593-436f-a34d-ee619b306fc3}</UniqueIdentifier>
      <Extensions>h;hpp;hxx;hm;inl</Extensions>
    </Filter>
    <Filter Include="Resource Files">
      <UniqueIdentifier>{da9176f5-e589-4caf-bed0-e39b1d8494e6}</UniqueIdentifier>
      <Extensions>ico;cur;bmp;dlg;rc2;rct;bin;rgs;gif;jpg;jpeg;jpe</Extensions>
    </Filter>
  </ItemGroup>
  <ItemGroup>
    <ClCompile Include="cin.c">
      <Filter>Source Files</Filter>
    </ClCompile>
    <ClCompile Include="cin_main.c">
      <Filter>Source Files</Filter>
    </ClCompile>
    <ClCompile Include="cin_ogg.c">
      <Filter>Source Files</Filter>
    </ClCompile>
    <ClCompile Include="cin_roq.c">
      <Filter>Source Files</Filter>
    </ClCompile>
    <ClCompile Include="cin_syscalls.c">
      <Filter>Source Files</Filter>
    </ClCompile>
    <ClCompile Include="..\gameshared\q_math.c">
      <Filter>Source Files</Filter>
    </ClCompile>
    <ClCompile Include="..\gameshared\q_shared.c">
      <Filter>Source Files</Filter>
    </ClCompile>
  </ItemGroup>
  <ItemGroup>
    <ClInclude Include="cin_local.h">
      <Filter>Header Files</Filter>
    </ClInclude>
    <ClInclude Include="cin_ogg.h">
      <Filter>Header Files</Filter>
    </ClInclude>
    <ClInclude Include="cin_public.h">
      <Filter>Header Files</Filter>
    </ClInclude>
    <ClInclude Include="cin_roq.h">
      <Filter>Header Files</Filter>
    </ClInclude>
    <ClInclude Include="cin_syscalls.h">
      <Filter>Header Files</Filter>
    </ClInclude>
    <ClInclude Include="..\gameshared\q_math.h">
      <Filter>Header Files</Filter>
    </ClInclude>
    <ClInclude Include="..\gameshared\q_shared.h">
      <Filter>Header Files</Filter>
    </ClInclude>
    <ClInclude Include="roq.h">
      <Filter>Header Files</Filter>
    </ClInclude>
  </ItemGroup>
</Project>