<?xml version="1.0" encoding="utf-8"?>
<Project ToolsVersion="4.0" xmlns="http://schemas.microsoft.com/developer/msbuild/2003">
  <ItemGroup>
    <Filter Include="Source Files">
      <UniqueIdentifier>{95a0d89d-34a2-49ea-b1e7-7fd47e9c4238}</UniqueIdentifier>
      <Extensions>cpp;c;cxx;rc;def;r;odl;hpj;bat;for;f90</Extensions>
    </Filter>
    <Filter Include="Header Files">
      <UniqueIdentifier>{15b7f2cd-d9da-4ebd-9079-518928d6ea3f}</UniqueIdentifier>
      <Extensions>h;hpp;hxx;hm;inl;fi;fd</Extensions>
    </Filter>
    <Filter Include="Resource Files">
      <UniqueIdentifier>{aabe7c66-1551-479f-9f9e-1ca76a961f3e}</UniqueIdentifier>
      <Extensions>ico;cur;bmp;dlg;rc2;rct;bin;cnt;rtf;gif;jpg;jpeg;jpe</Extensions>
    </Filter>
  </ItemGroup>
  <ItemGroup>
    <ClCompile Include="qcommon\anticheat.c">
      <Filter>Source Files</Filter>
    </ClCompile>
    <ClCompile Include="qcommon\ascript.c">
      <Filter>Source Files</Filter>
    </ClCompile>
    <ClCompile Include="qcommon\asyncstream.c">
      <Filter>Source Files</Filter>
    </ClCompile>
    <ClCompile Include="qalgo\base64.c">
      <Filter>Source Files</Filter>
    </ClCompile>
    <ClCompile Include="client\cin.c">
      <Filter>Source Files</Filter>
    </ClCompile>
    <ClCompile Include="qcommon\cjson.c">
      <Filter>Source Files</Filter>
    </ClCompile>
    <ClCompile Include="client\cl_cin.c">
      <Filter>Source Files</Filter>
    </ClCompile>
    <ClCompile Include="client\cl_demo.c">
      <Filter>Source Files</Filter>
    </ClCompile>
    <ClCompile Include="client\cl_game.c">
      <Filter>Source Files</Filter>
    </ClCompile>
    <ClCompile Include="client\cl_input.c">
      <Filter>Source Files</Filter>
    </ClCompile>
    <ClCompile Include="client\cl_main.c">
      <Filter>Source Files</Filter>
    </ClCompile>
    <ClCompile Include="client\cl_mm.c">
      <Filter>Source Files</Filter>
    </ClCompile>
    <ClCompile Include="client\cl_parse.c">
      <Filter>Source Files</Filter>
    </ClCompile>
    <ClCompile Include="client\cl_screen.c">
      <Filter>Source Files</Filter>
    </ClCompile>
    <ClCompile Include="client\cl_serverlist.c">
      <Filter>Source Files</Filter>
    </ClCompile>
    <ClCompile Include="client\cl_sound.c">
      <Filter>Source Files</Filter>
    </ClCompile>
    <ClCompile Include="client\cl_ui.c">
      <Filter>Source Files</Filter>
    </ClCompile>
    <ClCompile Include="client\cl_vid.c">
      <Filter>Source Files</Filter>
    </ClCompile>
    <ClCompile Include="qcommon\cm_main.c">
      <Filter>Source Files</Filter>
    </ClCompile>
    <ClCompile Include="qcommon\cm_q3bsp.c">
      <Filter>Source Files</Filter>
    </ClCompile>
    <ClCompile Include="qcommon\cm_trace.c">
      <Filter>Source Files</Filter>
    </ClCompile>
    <ClCompile Include="qcommon\cmd.c">
      <Filter>Source Files</Filter>
    </ClCompile>
    <ClCompile Include="qcommon\common.c">
      <Filter>Source Files</Filter>
    </ClCompile>
    <ClCompile Include="win32\conproc.c">
      <Filter>Source Files</Filter>
    </ClCompile>
    <ClCompile Include="client\console.c">
      <Filter>Source Files</Filter>
    </ClCompile>
    <ClCompile Include="qcommon\cvar.c">
      <Filter>Source Files</Filter>
    </ClCompile>
    <ClCompile Include="qcommon\dynvar.c">
      <Filter>Source Files</Filter>
    </ClCompile>
    <ClCompile Include="qcommon\files.c">
      <Filter>Source Files</Filter>
    </ClCompile>
    <ClCompile Include="client\ftlib.c">
      <Filter>Source Files</Filter>
    </ClCompile>
    <ClCompile Include="qalgo\glob.c">
      <Filter>Source Files</Filter>
    </ClCompile>
    <ClCompile Include="qcommon\irc.c">
      <Filter>Source Files</Filter>
    </ClCompile>
    <ClCompile Include="client\keys.c">
      <Filter>Source Files</Filter>
    </ClCompile>
    <ClCompile Include="client\libmumblelink.c">
      <Filter>Source Files</Filter>
    </ClCompile>
    <ClCompile Include="qcommon\library.c">
      <Filter>Source Files</Filter>
    </ClCompile>
    <ClCompile Include="qalgo\md5.c">
      <Filter>Source Files</Filter>
    </ClCompile>
    <ClCompile Include="qcommon\mem.c">
      <Filter>Source Files</Filter>
    </ClCompile>
    <ClCompile Include="qcommon\mlist.c">
      <Filter>Source Files</Filter>
    </ClCompile>
    <ClCompile Include="matchmaker\mm_common.c">
      <Filter>Source Files</Filter>
    </ClCompile>
    <ClCompile Include="matchmaker\mm_query.c">
      <Filter>Source Files</Filter>
    </ClCompile>
    <ClCompile Include="matchmaker\mm_rating.c">
      <Filter>Source Files</Filter>
    </ClCompile>
    <ClCompile Include="qcommon\msg.c">
      <Filter>Source Files</Filter>
    </ClCompile>
    <ClCompile Include="qcommon\net.c">
      <Filter>Source Files</Filter>
    </ClCompile>
    <ClCompile Include="qcommon\net_chan.c">
      <Filter>Source Files</Filter>
    </ClCompile>
    <ClCompile Include="qcommon\patch.c">
      <Filter>Source Files</Filter>
    </ClCompile>
    <ClCompile Include="gameshared\q_math.c">
      <Filter>Source Files</Filter>
    </ClCompile>
    <ClCompile Include="gameshared\q_shared.c">
      <Filter>Source Files</Filter>
    </ClCompile>
    <ClCompile Include="qcommon\snap_demos.c">
      <Filter>Source Files</Filter>
    </ClCompile>
    <ClCompile Include="qcommon\snap_read.c">
      <Filter>Source Files</Filter>
    </ClCompile>
    <ClCompile Include="qcommon\snap_write.c">
      <Filter>Source Files</Filter>
    </ClCompile>
    <ClCompile Include="server\sv_ccmds.c">
      <Filter>Source Files</Filter>
    </ClCompile>
    <ClCompile Include="server\sv_client.c">
      <Filter>Source Files</Filter>
    </ClCompile>
    <ClCompile Include="server\sv_demos.c">
      <Filter>Source Files</Filter>
    </ClCompile>
    <ClCompile Include="server\sv_game.c">
      <Filter>Source Files</Filter>
    </ClCompile>
    <ClCompile Include="server\sv_init.c">
      <Filter>Source Files</Filter>
    </ClCompile>
    <ClCompile Include="server\sv_main.c">
      <Filter>Source Files</Filter>
    </ClCompile>
    <ClCompile Include="server\sv_mm.c">
      <Filter>Source Files</Filter>
    </ClCompile>
    <ClCompile Include="server\sv_motd.c">
      <Filter>Source Files</Filter>
    </ClCompile>
    <ClCompile Include="server\sv_oob.c">
      <Filter>Source Files</Filter>
    </ClCompile>
    <ClCompile Include="server\sv_send.c">
      <Filter>Source Files</Filter>
    </ClCompile>
    <ClCompile Include="qcommon\svnrev.c">
      <Filter>Source Files</Filter>
    </ClCompile>
    <ClCompile Include="qcommon\webdownload.c">
      <Filter>Source Files</Filter>
    </ClCompile>
    <ClCompile Include="win32\win_fs.c">
      <Filter>Source Files</Filter>
    </ClCompile>
    <ClCompile Include="win32\win_input.c">
      <Filter>Source Files</Filter>
    </ClCompile>
    <ClCompile Include="win32\win_lib.c">
      <Filter>Source Files</Filter>
    </ClCompile>
    <ClCompile Include="win32\win_net.c">
      <Filter>Source Files</Filter>
    </ClCompile>
    <ClCompile Include="win32\win_sys.c">
      <Filter>Source Files</Filter>
    </ClCompile>
    <ClCompile Include="win32\win_vid.c">
      <Filter>Source Files</Filter>
    </ClCompile>
    <ClCompile Include="qcommon\wswcurl.c">
      <Filter>Source Files</Filter>
    </ClCompile>
    <ClCompile Include="server\sv_web.c">
      <Filter>Source Files</Filter>
    </ClCompile>
    <ClCompile Include="qcommon\bsp.c">
      <Filter>Source Files</Filter>
    </ClCompile>
    <ClCompile Include="client\l10n.c">
      <Filter>Source Files</Filter>
    </ClCompile>
    <ClCompile Include="qcommon\threads.c">
      <Filter>Source Files</Filter>
    </ClCompile>
    <ClCompile Include="win32\win_threads.c">
      <Filter>Source Files</Filter>
    </ClCompile>
    <ClCompile Include="qalgo\q_trie.c">
      <Filter>Source Files</Filter>
    </ClCompile>
    <ClCompile Include="qalgo\hash.c">
      <Filter>Source Files</Filter>
    </ClCompile>
    <ClCompile Include="qcommon\steam.c">
      <Filter>Source Files</Filter>
    </ClCompile>
  </ItemGroup>
  <ItemGroup>
    <ClInclude Include="qcommon\anticheat.h">
      <Filter>Header Files</Filter>
    </ClInclude>
    <ClInclude Include="qcommon\asyncstream.h">
      <Filter>Header Files</Filter>
    </ClInclude>
    <ClInclude Include="qalgo\base64.h">
      <Filter>Header Files</Filter>
    </ClInclude>
    <ClInclude Include="cgame\cg_public.h">
      <Filter>Header Files</Filter>
    </ClInclude>
    <ClInclude Include="client\cin.h">
      <Filter>Header Files</Filter>
    </ClInclude>
    <ClInclude Include="qcommon\cjson.h">
      <Filter>Header Files</Filter>
    </ClInclude>
    <ClInclude Include="client\client.h">
      <Filter>Header Files</Filter>
    </ClInclude>
    <ClInclude Include="qcommon\cm_local.h">
      <Filter>Header Files</Filter>
    </ClInclude>
    <ClInclude Include="qcommon\cmodel.h">
      <Filter>Header Files</Filter>
    </ClInclude>
    <ClInclude Include="gameshared\config.h">
      <Filter>Header Files</Filter>
    </ClInclude>
    <ClInclude Include="win32\conproc.h">
      <Filter>Header Files</Filter>
    </ClInclude>
    <ClInclude Include="client\console.h">
      <Filter>Header Files</Filter>
    </ClInclude>
    <ClInclude Include="qcommon\cvar.h">
      <Filter>Header Files</Filter>
    </ClInclude>
    <ClInclude Include="qcommon\dynvar.h">
      <Filter>Header Files</Filter>
    </ClInclude>
    <ClInclude Include="client\ftlib.h">
      <Filter>Header Files</Filter>
    </ClInclude>
    <ClInclude Include="qalgo\glob.h">
      <Filter>Header Files</Filter>
    </ClInclude>
    <ClInclude Include="client\input.h">
      <Filter>Header Files</Filter>
    </ClInclude>
    <ClInclude Include="ref_gl\iqm.h">
      <Filter>Header Files</Filter>
    </ClInclude>
    <ClInclude Include="client\keys.h">
      <Filter>Header Files</Filter>
    </ClInclude>
    <ClInclude Include="client\libmumblelink.h">
      <Filter>Header Files</Filter>
    </ClInclude>
    <ClInclude Include="qalgo\md5.h">
      <Filter>Header Files</Filter>
    </ClInclude>
    <ClInclude Include="matchmaker\mm_common.h">
      <Filter>Header Files</Filter>
    </ClInclude>
    <ClInclude Include="matchmaker\mm_query.h">
      <Filter>Header Files</Filter>
    </ClInclude>
    <ClInclude Include="matchmaker\mm_rating.h">
      <Filter>Header Files</Filter>
    </ClInclude>
    <ClInclude Include="gameshared\q_angelwrap.h">
      <Filter>Header Files</Filter>
    </ClInclude>
    <ClInclude Include="gameshared\q_arch.h">
      <Filter>Header Files</Filter>
    </ClInclude>
    <ClInclude Include="gameshared\q_collision.h">
      <Filter>Header Files</Filter>
    </ClInclude>
    <ClInclude Include="gameshared\q_comref.h">
      <Filter>Header Files</Filter>
    </ClInclude>
    <ClInclude Include="gameshared\q_cvar.h">
      <Filter>Header Files</Filter>
    </ClInclude>
    <ClInclude Include="gameshared\q_dynvar.h">
      <Filter>Header Files</Filter>
    </ClInclude>
    <ClInclude Include="gameshared\q_keycodes.h">
      <Filter>Header Files</Filter>
    </ClInclude>
    <ClInclude Include="gameshared\q_math.h">
      <Filter>Header Files</Filter>
    </ClInclude>
    <ClInclude Include="gameshared\q_shared.h">
      <Filter>Header Files</Filter>
    </ClInclude>
    <ClInclude Include="qcommon\qcommon.h">
      <Filter>Header Files</Filter>
    </ClInclude>
    <ClInclude Include="qcommon\qfiles.h">
      <Filter>Header Files</Filter>
    </ClInclude>
    <ClInclude Include="cgame\ref.h">
      <Filter>Header Files</Filter>
    </ClInclude>
    <ClInclude Include="win32\resource.h">
      <Filter>Header Files</Filter>
    </ClInclude>
    <ClInclude Include="server\server.h">
      <Filter>Header Files</Filter>
    </ClInclude>
    <ClInclude Include="qcommon\snap_read.h">
      <Filter>Header Files</Filter>
    </ClInclude>
    <ClInclude Include="qcommon\snap_write.h">
      <Filter>Header Files</Filter>
    </ClInclude>
    <ClInclude Include="client\snd_public.h">
      <Filter>Header Files</Filter>
    </ClInclude>
    <ClInclude Include="qcommon\svnrev.h">
      <Filter>Header Files</Filter>
    </ClInclude>
    <ClInclude Include="qcommon\sys_fs.h">
      <Filter>Header Files</Filter>
    </ClInclude>
    <ClInclude Include="qcommon\sys_library.h">
      <Filter>Header Files</Filter>
    </ClInclude>
    <ClInclude Include="qcommon\sys_net.h">
      <Filter>Header Files</Filter>
    </ClInclude>
    <ClInclude Include="ui\ui_public.h">
      <Filter>Header Files</Filter>
    </ClInclude>
    <ClInclude Include="qcommon\version.h">
      <Filter>Header Files</Filter>
    </ClInclude>
    <ClInclude Include="client\vid.h">
      <Filter>Header Files</Filter>
    </ClInclude>
    <ClInclude Include="qcommon\webdownload.h">
      <Filter>Header Files</Filter>
    </ClInclude>
    <ClInclude Include="win32\winquake.h">
      <Filter>Header Files</Filter>
    </ClInclude>
    <ClInclude Include="qcommon\wswcurl.h">
      <Filter>Header Files</Filter>
    </ClInclude>
    <ClInclude Include="ftlib\ftlib_public.h">
      <Filter>Header Files</Filter>
    </ClInclude>
    <ClInclude Include="qcommon\patch_eval_inc.h">
      <Filter>Header Files</Filter>
    </ClInclude>
    <ClInclude Include="qcommon\patch.h">
      <Filter>Header Files</Filter>
    </ClInclude>
    <ClInclude Include="qcommon\bsp.h">
      <Filter>Header Files</Filter>
    </ClInclude>
    <ClInclude Include="cin\cin_public.h">
      <Filter>Header Files</Filter>
    </ClInclude>
    <ClInclude Include="client\l10n.h">
      <Filter>Header Files</Filter>
    </ClInclude>
    <ClInclude Include="ref_gl\r_public.h">
      <Filter>Header Files</Filter>
    </ClInclude>
    <ClInclude Include="qcommon\sys_threads.h">
      <Filter>Header Files</Filter>
    </ClInclude>
    <ClInclude Include="qcommon\qthreads.h">
      <Filter>Header Files</Filter>
    </ClInclude>
    <ClInclude Include="gameshared\q_trie.h">
      <Filter>Header Files</Filter>
    </ClInclude>
    <ClInclude Include="qalgo\hash.h">
      <Filter>Header Files</Filter>
    </ClInclude>
    <ClInclude Include="qcommon\steam.h">
      <Filter>Header Files</Filter>
    </ClInclude>
  </ItemGroup>
  <ItemGroup>
    <None Include="win32\qfusion.ico">
      <Filter>Resource Files</Filter>
    </None>
  </ItemGroup>
  <ItemGroup>
    <ResourceCompile Include="win32\qfusion.rc">
      <Filter>Resource Files</Filter>
    </ResourceCompile>
  </ItemGroup>
</Project>