<?xml version="1.0" encoding="utf-8"?>
<Project ToolsVersion="4.0" xmlns="http://schemas.microsoft.com/developer/msbuild/2003">
  <ItemGroup>
    <Filter Include="Source Files">
      <UniqueIdentifier>{d9d103ae-d64d-40b7-a40b-493f6d95a6ad}</UniqueIdentifier>
      <Extensions>cpp;c;cxx;rc;def;r;odl;idl;hpj;bat</Extensions>
    </Filter>
    <Filter Include="Header Files">
      <UniqueIdentifier>{e86072e4-6d23-4acf-9bc5-1f24e5e171b9}</UniqueIdentifier>
      <Extensions>h;hpp;hxx;hm;inl</Extensions>
    </Filter>
    <Filter Include="Resource Files">
      <UniqueIdentifier>{67807bb1-82b3-4b88-baf9-075005d74306}</UniqueIdentifier>
      <Extensions>ico;cur;bmp;dlg;rc2;rct;bin;rgs;gif;jpg;jpeg;jpe</Extensions>
    </Filter>
  </ItemGroup>
  <ItemGroup>
    <ClCompile Include="qcommon\anticheat.c">
      <Filter>Source Files</Filter>
    </ClCompile>
    <ClCompile Include="qcommon\ascript.c">
      <Filter>Source Files</Filter>
    </ClCompile>
    <ClCompile Include="qalgo\base64.c">
      <Filter>Source Files</Filter>
    </ClCompile>
    <ClCompile Include="qcommon\cjson.c">
      <Filter>Source Files</Filter>
    </ClCompile>
    <ClCompile Include="null\cl_null.c">
      <Filter>Source Files</Filter>
    </ClCompile>
    <ClCompile Include="qcommon\cm_main.c">
      <Filter>Source Files</Filter>
    </ClCompile>
    <ClCompile Include="qcommon\cm_q3bsp.c">
      <Filter>Source Files</Filter>
    </ClCompile>
    <ClCompile Include="qcommon\cm_trace.c">
      <Filter>Source Files</Filter>
    </ClCompile>
    <ClCompile Include="qcommon\cmd.c">
      <Filter>Source Files</Filter>
    </ClCompile>
    <ClCompile Include="qcommon\common.c">
      <Filter>Source Files</Filter>
    </ClCompile>
    <ClCompile Include="win32\conproc.c">
      <Filter>Source Files</Filter>
    </ClCompile>
    <ClCompile Include="qcommon\cvar.c">
      <Filter>Source Files</Filter>
    </ClCompile>
    <ClCompile Include="qcommon\dynvar.c">
      <Filter>Source Files</Filter>
    </ClCompile>
    <ClCompile Include="qcommon\files.c">
      <Filter>Source Files</Filter>
    </ClCompile>
    <ClCompile Include="qalgo\glob.c">
      <Filter>Source Files</Filter>
    </ClCompile>
    <ClCompile Include="qcommon\irc.c">
      <Filter>Source Files</Filter>
    </ClCompile>
    <ClCompile Include="qalgo\md5.c">
      <Filter>Source Files</Filter>
    </ClCompile>
    <ClCompile Include="qcommon\mem.c">
      <Filter>Source Files</Filter>
    </ClCompile>
    <ClCompile Include="qcommon\mlist.c">
      <Filter>Source Files</Filter>
    </ClCompile>
    <ClCompile Include="matchmaker\mm_common.c">
      <Filter>Source Files</Filter>
    </ClCompile>
    <ClCompile Include="matchmaker\mm_query.c">
      <Filter>Source Files</Filter>
    </ClCompile>
    <ClCompile Include="matchmaker\mm_rating.c">
      <Filter>Source Files</Filter>
    </ClCompile>
    <ClCompile Include="qcommon\msg.c">
      <Filter>Source Files</Filter>
    </ClCompile>
    <ClCompile Include="qcommon\net.c">
      <Filter>Source Files</Filter>
    </ClCompile>
    <ClCompile Include="qcommon\net_chan.c">
      <Filter>Source Files</Filter>
    </ClCompile>
    <ClCompile Include="qcommon\patch.c">
      <Filter>Source Files</Filter>
    </ClCompile>
    <ClCompile Include="gameshared\q_math.c">
      <Filter>Source Files</Filter>
    </ClCompile>
    <ClCompile Include="gameshared\q_shared.c">
      <Filter>Source Files</Filter>
    </ClCompile>
    <ClCompile Include="qcommon\snap_demos.c">
      <Filter>Source Files</Filter>
    </ClCompile>
    <ClCompile Include="qcommon\snap_write.c">
      <Filter>Source Files</Filter>
    </ClCompile>
    <ClCompile Include="server\sv_ccmds.c">
      <Filter>Source Files</Filter>
    </ClCompile>
    <ClCompile Include="server\sv_client.c">
      <Filter>Source Files</Filter>
    </ClCompile>
    <ClCompile Include="server\sv_demos.c">
      <Filter>Source Files</Filter>
    </ClCompile>
    <ClCompile Include="server\sv_game.c">
      <Filter>Source Files</Filter>
    </ClCompile>
    <ClCompile Include="server\sv_init.c">
      <Filter>Source Files</Filter>
    </ClCompile>
    <ClCompile Include="server\sv_main.c">
      <Filter>Source Files</Filter>
    </ClCompile>
    <ClCompile Include="server\sv_mm.c">
      <Filter>Source Files</Filter>
    </ClCompile>
    <ClCompile Include="server\sv_motd.c">
      <Filter>Source Files</Filter>
    </ClCompile>
    <ClCompile Include="server\sv_oob.c">
      <Filter>Source Files</Filter>
    </ClCompile>
    <ClCompile Include="server\sv_send.c">
      <Filter>Source Files</Filter>
    </ClCompile>
    <ClCompile Include="qcommon\svnrev.c">
      <Filter>Source Files</Filter>
    </ClCompile>
    <ClCompile Include="qcommon\webdownload.c">
      <Filter>Source Files</Filter>
    </ClCompile>
    <ClCompile Include="win32\win_fs.c">
      <Filter>Source Files</Filter>
    </ClCompile>
    <ClCompile Include="win32\win_net.c">
      <Filter>Source Files</Filter>
    </ClCompile>
    <ClCompile Include="win32\win_sys.c">
      <Filter>Source Files</Filter>
    </ClCompile>
    <ClCompile Include="qcommon\wswcurl.c">
      <Filter>Source Files</Filter>
    </ClCompile>
    <ClCompile Include="qcommon\library.c">
      <Filter>Resource Files</Filter>
    </ClCompile>
    <ClCompile Include="win32\win_lib.c">
      <Filter>Resource Files</Filter>
    </ClCompile>
    <ClCompile Include="server\sv_web.c">
      <Filter>Source Files</Filter>
    </ClCompile>
    <ClCompile Include="qcommon\bsp.c">
      <Filter>Source Files</Filter>
    </ClCompile>
    <ClCompile Include="qcommon\threads.c">
      <Filter>Source Files</Filter>
    </ClCompile>
    <ClCompile Include="win32\win_threads.c">
      <Filter>Source Files</Filter>
    </ClCompile>
    <ClCompile Include="qalgo\q_trie.c">
      <Filter>Source Files</Filter>
    </ClCompile>
    <ClCompile Include="qcommon\steam.c">
      <Filter>Source Files</Filter>
    </ClCompile>
  </ItemGroup>
  <ItemGroup>
    <ClInclude Include="qcommon\anticheat.h">
      <Filter>Header Files</Filter>
    </ClInclude>
    <ClInclude Include="qalgo\base64.h">
      <Filter>Header Files</Filter>
    </ClInclude>
    <ClInclude Include="qcommon\cjson.h">
      <Filter>Header Files</Filter>
    </ClInclude>
    <ClInclude Include="qcommon\cm_local.h">
      <Filter>Header Files</Filter>
    </ClInclude>
    <ClInclude Include="qcommon\cmodel.h">
      <Filter>Header Files</Filter>
    </ClInclude>
    <ClInclude Include="win32\conproc.h">
      <Filter>Header Files</Filter>
    </ClInclude>
    <ClInclude Include="qcommon\cvar.h">
      <Filter>Header Files</Filter>
    </ClInclude>
    <ClInclude Include="qcommon\dynvar.h">
      <Filter>Header Files</Filter>
    </ClInclude>
    <ClInclude Include="game\g_public.h">
      <Filter>Header Files</Filter>
    </ClInclude>
    <ClInclude Include="qalgo\glob.h">
      <Filter>Header Files</Filter>
    </ClInclude>
    <ClInclude Include="qalgo\md5.h">
      <Filter>Header Files</Filter>
    </ClInclude>
    <ClInclude Include="matchmaker\mm_common.h">
      <Filter>Header Files</Filter>
    </ClInclude>
    <ClInclude Include="matchmaker\mm_query.h">
      <Filter>Header Files</Filter>
    </ClInclude>
    <ClInclude Include="matchmaker\mm_rating.h">
      <Filter>Header Files</Filter>
    </ClInclude>
    <ClInclude Include="gameshared\q_angelwrap.h">
      <Filter>Header Files</Filter>
    </ClInclude>
    <ClInclude Include="gameshared\q_arch.h">
      <Filter>Header Files</Filter>
    </ClInclude>
    <ClInclude Include="gameshared\q_collision.h">
      <Filter>Header Files</Filter>
    </ClInclude>
    <ClInclude Include="gameshared\q_comref.h">
      <Filter>Header Files</Filter>
    </ClInclude>
    <ClInclude Include="gameshared\q_cvar.h">
      <Filter>Header Files</Filter>
    </ClInclude>
    <ClInclude Include="gameshared\q_dynvar.h">
      <Filter>Header Files</Filter>
    </ClInclude>
    <ClInclude Include="gameshared\q_keycodes.h">
      <Filter>Header Files</Filter>
    </ClInclude>
    <ClInclude Include="gameshared\q_math.h">
      <Filter>Header Files</Filter>
    </ClInclude>
    <ClInclude Include="gameshared\q_shared.h">
      <Filter>Header Files</Filter>
    </ClInclude>
    <ClInclude Include="qcommon\qcommon.h">
      <Filter>Header Files</Filter>
    </ClInclude>
    <ClInclude Include="qcommon\qfiles.h">
      <Filter>Header Files</Filter>
    </ClInclude>
    <ClInclude Include="server\server.h">
      <Filter>Header Files</Filter>
    </ClInclude>
    <ClInclude Include="qcommon\snap_read.h">
      <Filter>Header Files</Filter>
    </ClInclude>
    <ClInclude Include="qcommon\snap_write.h">
      <Filter>Header Files</Filter>
    </ClInclude>
    <ClInclude Include="qcommon\svnrev.h">
      <Filter>Header Files</Filter>
    </ClInclude>
    <ClInclude Include="qcommon\sys_fs.h">
      <Filter>Header Files</Filter>
    </ClInclude>
    <ClInclude Include="qcommon\sys_library.h">
      <Filter>Header Files</Filter>
    </ClInclude>
    <ClInclude Include="qcommon\sys_net.h">
      <Filter>Header Files</Filter>
    </ClInclude>
    <ClInclude Include="qcommon\version.h">
      <Filter>Header Files</Filter>
    </ClInclude>
    <ClInclude Include="qcommon\webdownload.h">
      <Filter>Header Files</Filter>
    </ClInclude>
    <ClInclude Include="win32\winquake.h">
      <Filter>Header Files</Filter>
    </ClInclude>
    <ClInclude Include="gameshared\config.h">
      <Filter>Header Files</Filter>
    </ClInclude>
    <ClInclude Include="qcommon\bsp.h">
      <Filter>Header Files</Filter>
    </ClInclude>
    <ClInclude Include="qcommon\qthreads.h">
      <Filter>Header Files</Filter>
    </ClInclude>
    <ClInclude Include="qcommon\sys_threads.h">
      <Filter>Header Files</Filter>
    </ClInclude>
    <ClInclude Include="gameshared\q_trie.h">
      <Filter>Header Files</Filter>
    </ClInclude>
    <ClInclude Include="qcommon\steam.h">
      <Filter>Header Files</Filter>
    </ClInclude>
  </ItemGroup>
</Project>